// !$*UTF8*$!
{
	archiveVersion = 1;
	classes = {
	};
	objectVersion = 46;
	objects = {

/* Begin PBXBuildFile section */
		6E4B76883E91FD690E1E95C8 /* Pods.framework in Frameworks */ = {isa = PBXBuildFile; fileRef = D0B8B27B95CAF060BE732F9D /* Pods.framework */; };
		B5377C701BE11A1D0075806C /* CAUserAccount.swift in Sources */ = {isa = PBXBuildFile; fileRef = B5377C6F1BE11A1D0075806C /* CAUserAccount.swift */; settings = {ASSET_TAGS = (); }; };
		B583C33F1BE0F31B00EFD6F5 /* CANetworkTools.swift in Sources */ = {isa = PBXBuildFile; fileRef = B583C33E1BE0F31B00EFD6F5 /* CANetworkTools.swift */; settings = {ASSET_TAGS = (); }; };
		B583C3421BE0FA7100EFD6F5 /* CAOatuthVC.swift in Sources */ = {isa = PBXBuildFile; fileRef = B583C3411BE0FA7100EFD6F5 /* CAOatuthVC.swift */; settings = {ASSET_TAGS = (); }; };
		B5BC2FA81BDF062200C3D0A5 /* CABaseVC.swift in Sources */ = {isa = PBXBuildFile; fileRef = B5BC2FA71BDF062200C3D0A5 /* CABaseVC.swift */; };
		B5BC2FAA1BDF068200C3D0A5 /* CAContentView.swift in Sources */ = {isa = PBXBuildFile; fileRef = B5BC2FA91BDF068200C3D0A5 /* CAContentView.swift */; };
		B5DB424D1BDE428A007CAC85 /* AppDelegate.swift in Sources */ = {isa = PBXBuildFile; fileRef = B5DB424C1BDE428A007CAC85 /* AppDelegate.swift */; };
		B5DB42541BDE428A007CAC85 /* Assets.xcassets in Resources */ = {isa = PBXBuildFile; fileRef = B5DB42531BDE428A007CAC85 /* Assets.xcassets */; };
		B5DB42621BDE428A007CAC85 /* CAWeiBoAppTests.swift in Sources */ = {isa = PBXBuildFile; fileRef = B5DB42611BDE428A007CAC85 /* CAWeiBoAppTests.swift */; };
		B5DB426D1BDE428A007CAC85 /* CAWeiBoAppUITests.swift in Sources */ = {isa = PBXBuildFile; fileRef = B5DB426C1BDE428A007CAC85 /* CAWeiBoAppUITests.swift */; };
		B5DB42941BDE45D1007CAC85 /* CAMainTabBarController.swift in Sources */ = {isa = PBXBuildFile; fileRef = B5DB42931BDE45D1007CAC85 /* CAMainTabBarController.swift */; };
		B5DB42961BDE4839007CAC85 /* CADiscoverVC.swift in Sources */ = {isa = PBXBuildFile; fileRef = B5DB42951BDE4839007CAC85 /* CADiscoverVC.swift */; };
		B5DB42981BDE484B007CAC85 /* CAHomeVC.swift in Sources */ = {isa = PBXBuildFile; fileRef = B5DB42971BDE484B007CAC85 /* CAHomeVC.swift */; };
		B5DB429A1BDE4859007CAC85 /* CAMessageVC.swift in Sources */ = {isa = PBXBuildFile; fileRef = B5DB42991BDE4859007CAC85 /* CAMessageVC.swift */; };
		B5DB429C1BDE486A007CAC85 /* CAMineVC.swift in Sources */ = {isa = PBXBuildFile; fileRef = B5DB429B1BDE486A007CAC85 /* CAMineVC.swift */; };
		B5F06B0F1BDE507D006B455A /* CATabBar.swift in Sources */ = {isa = PBXBuildFile; fileRef = B5F06B0E1BDE507D006B455A /* CATabBar.swift */; };
/* End PBXBuildFile section */

/* Begin PBXContainerItemProxy section */
		B5DB425E1BDE428A007CAC85 /* PBXContainerItemProxy */ = {
			isa = PBXContainerItemProxy;
			containerPortal = B5DB42411BDE428A007CAC85 /* Project object */;
			proxyType = 1;
			remoteGlobalIDString = B5DB42481BDE428A007CAC85;
			remoteInfo = CAWeiBoApp;
		};
		B5DB42691BDE428A007CAC85 /* PBXContainerItemProxy */ = {
			isa = PBXContainerItemProxy;
			containerPortal = B5DB42411BDE428A007CAC85 /* Project object */;
			proxyType = 1;
			remoteGlobalIDString = B5DB42481BDE428A007CAC85;
			remoteInfo = CAWeiBoApp;
		};
/* End PBXContainerItemProxy section */

/* Begin PBXFileReference section */
		27756797A957C63BF5EF1FB2 /* Pods.debug.xcconfig */ = {isa = PBXFileReference; includeInIndex = 1; lastKnownFileType = text.xcconfig; name = Pods.debug.xcconfig; path = "Pods/Target Support Files/Pods/Pods.debug.xcconfig"; sourceTree = "<group>"; };
		2A50507130ED4883C94956DD /* Pods.release.xcconfig */ = {isa = PBXFileReference; includeInIndex = 1; lastKnownFileType = text.xcconfig; name = Pods.release.xcconfig; path = "Pods/Target Support Files/Pods/Pods.release.xcconfig"; sourceTree = "<group>"; };
		B5377C6F1BE11A1D0075806C /* CAUserAccount.swift */ = {isa = PBXFileReference; fileEncoding = 4; lastKnownFileType = sourcecode.swift; path = CAUserAccount.swift; sourceTree = "<group>"; };
		B583C33E1BE0F31B00EFD6F5 /* CANetworkTools.swift */ = {isa = PBXFileReference; fileEncoding = 4; lastKnownFileType = sourcecode.swift; path = CANetworkTools.swift; sourceTree = "<group>"; };
		B583C3411BE0FA7100EFD6F5 /* CAOatuthVC.swift */ = {isa = PBXFileReference; fileEncoding = 4; lastKnownFileType = sourcecode.swift; path = CAOatuthVC.swift; sourceTree = "<group>"; };
		B5BC2FA71BDF062200C3D0A5 /* CABaseVC.swift */ = {isa = PBXFileReference; fileEncoding = 4; lastKnownFileType = sourcecode.swift; path = CABaseVC.swift; sourceTree = "<group>"; };
		B5BC2FA91BDF068200C3D0A5 /* CAContentView.swift */ = {isa = PBXFileReference; fileEncoding = 4; lastKnownFileType = sourcecode.swift; path = CAContentView.swift; sourceTree = "<group>"; };
		B5DB42491BDE428A007CAC85 /* CAWeiBoApp.app */ = {isa = PBXFileReference; explicitFileType = wrapper.application; includeInIndex = 0; path = CAWeiBoApp.app; sourceTree = BUILT_PRODUCTS_DIR; };
		B5DB424C1BDE428A007CAC85 /* AppDelegate.swift */ = {isa = PBXFileReference; lastKnownFileType = sourcecode.swift; path = AppDelegate.swift; sourceTree = "<group>"; };
		B5DB42531BDE428A007CAC85 /* Assets.xcassets */ = {isa = PBXFileReference; lastKnownFileType = folder.assetcatalog; path = Assets.xcassets; sourceTree = "<group>"; };
		B5DB42581BDE428A007CAC85 /* Info.plist */ = {isa = PBXFileReference; lastKnownFileType = text.plist.xml; path = Info.plist; sourceTree = "<group>"; };
		B5DB425D1BDE428A007CAC85 /* CAWeiBoAppTests.xctest */ = {isa = PBXFileReference; explicitFileType = wrapper.cfbundle; includeInIndex = 0; path = CAWeiBoAppTests.xctest; sourceTree = BUILT_PRODUCTS_DIR; };
		B5DB42611BDE428A007CAC85 /* CAWeiBoAppTests.swift */ = {isa = PBXFileReference; lastKnownFileType = sourcecode.swift; path = CAWeiBoAppTests.swift; sourceTree = "<group>"; };
		B5DB42631BDE428A007CAC85 /* Info.plist */ = {isa = PBXFileReference; lastKnownFileType = text.plist.xml; path = Info.plist; sourceTree = "<group>"; };
		B5DB42681BDE428A007CAC85 /* CAWeiBoAppUITests.xctest */ = {isa = PBXFileReference; explicitFileType = wrapper.cfbundle; includeInIndex = 0; path = CAWeiBoAppUITests.xctest; sourceTree = BUILT_PRODUCTS_DIR; };
		B5DB426C1BDE428A007CAC85 /* CAWeiBoAppUITests.swift */ = {isa = PBXFileReference; lastKnownFileType = sourcecode.swift; path = CAWeiBoAppUITests.swift; sourceTree = "<group>"; };
		B5DB426E1BDE428A007CAC85 /* Info.plist */ = {isa = PBXFileReference; lastKnownFileType = text.plist.xml; path = Info.plist; sourceTree = "<group>"; };
		B5DB42931BDE45D1007CAC85 /* CAMainTabBarController.swift */ = {isa = PBXFileReference; fileEncoding = 4; lastKnownFileType = sourcecode.swift; path = CAMainTabBarController.swift; sourceTree = "<group>"; };
		B5DB42951BDE4839007CAC85 /* CADiscoverVC.swift */ = {isa = PBXFileReference; fileEncoding = 4; lastKnownFileType = sourcecode.swift; path = CADiscoverVC.swift; sourceTree = "<group>"; };
		B5DB42971BDE484B007CAC85 /* CAHomeVC.swift */ = {isa = PBXFileReference; fileEncoding = 4; lastKnownFileType = sourcecode.swift; path = CAHomeVC.swift; sourceTree = "<group>"; };
		B5DB42991BDE4859007CAC85 /* CAMessageVC.swift */ = {isa = PBXFileReference; fileEncoding = 4; lastKnownFileType = sourcecode.swift; path = CAMessageVC.swift; sourceTree = "<group>"; };
		B5DB429B1BDE486A007CAC85 /* CAMineVC.swift */ = {isa = PBXFileReference; fileEncoding = 4; lastKnownFileType = sourcecode.swift; path = CAMineVC.swift; sourceTree = "<group>"; };
		B5F06B0E1BDE507D006B455A /* CATabBar.swift */ = {isa = PBXFileReference; fileEncoding = 4; lastKnownFileType = sourcecode.swift; path = CATabBar.swift; sourceTree = "<group>"; };
		D0B8B27B95CAF060BE732F9D /* Pods.framework */ = {isa = PBXFileReference; explicitFileType = wrapper.framework; includeInIndex = 0; path = Pods.framework; sourceTree = BUILT_PRODUCTS_DIR; };
/* End PBXFileReference section */

/* Begin PBXFrameworksBuildPhase section */
		B5DB42461BDE428A007CAC85 /* Frameworks */ = {
			isa = PBXFrameworksBuildPhase;
			buildActionMask = 2147483647;
			files = (
				6E4B76883E91FD690E1E95C8 /* Pods.framework in Frameworks */,
			);
			runOnlyForDeploymentPostprocessing = 0;
		};
		B5DB425A1BDE428A007CAC85 /* Frameworks */ = {
			isa = PBXFrameworksBuildPhase;
			buildActionMask = 2147483647;
			files = (
			);
			runOnlyForDeploymentPostprocessing = 0;
		};
		B5DB42651BDE428A007CAC85 /* Frameworks */ = {
			isa = PBXFrameworksBuildPhase;
			buildActionMask = 2147483647;
			files = (
			);
			runOnlyForDeploymentPostprocessing = 0;
		};
/* End PBXFrameworksBuildPhase section */

/* Begin PBXGroup section */
		0BAE190A3B8A6B6FCCAE671A /* Pods */ = {
			isa = PBXGroup;
			children = (
				27756797A957C63BF5EF1FB2 /* Pods.debug.xcconfig */,
				2A50507130ED4883C94956DD /* Pods.release.xcconfig */,
			);
			name = Pods;
			sourceTree = "<group>";
		};
		B5377C6E1BE119F20075806C /* Model(全局模型) */ = {
			isa = PBXGroup;
			children = (
				B5377C6F1BE11A1D0075806C /* CAUserAccount.swift */,
			);
			path = "Model(全局模型)";
			sourceTree = "<group>";
		};
		B583C3401BE0FA5E00EFD6F5 /* Oauth */ = {
			isa = PBXGroup;
			children = (
				B583C3411BE0FA7100EFD6F5 /* CAOatuthVC.swift */,
			);
			path = Oauth;
			sourceTree = "<group>";
		};
		B5DB42401BDE428A007CAC85 = {
			isa = PBXGroup;
			children = (
				B5DB424B1BDE428A007CAC85 /* CAWeiBoApp */,
				B5DB426B1BDE428A007CAC85 /* CAWeiBoAppUITests */,
				B5DB424A1BDE428A007CAC85 /* Products */,
				0BAE190A3B8A6B6FCCAE671A /* Pods */,
				CE47BCF633E89B8743297AE2 /* Frameworks */,
			);
			sourceTree = "<group>";
		};
		B5DB424A1BDE428A007CAC85 /* Products */ = {
			isa = PBXGroup;
			children = (
				B5DB42491BDE428A007CAC85 /* CAWeiBoApp.app */,
				B5DB425D1BDE428A007CAC85 /* CAWeiBoAppTests.xctest */,
				B5DB42681BDE428A007CAC85 /* CAWeiBoAppUITests.xctest */,
			);
			name = Products;
			sourceTree = "<group>";
		};
		B5DB424B1BDE428A007CAC85 /* CAWeiBoApp */ = {
			isa = PBXGroup;
			children = (
				B5DB424C1BDE428A007CAC85 /* AppDelegate.swift */,
				B5DB427B1BDE447E007CAC85 /* Class */,
				B5DB42531BDE428A007CAC85 /* Assets.xcassets */,
				B5DB42581BDE428A007CAC85 /* Info.plist */,
				B5DB42601BDE428A007CAC85 /* CAWeiBoAppTests */,
			);
			path = CAWeiBoApp;
			sourceTree = "<group>";
		};
		B5DB42601BDE428A007CAC85 /* CAWeiBoAppTests */ = {
			isa = PBXGroup;
			children = (
				B5DB42611BDE428A007CAC85 /* CAWeiBoAppTests.swift */,
				B5DB42631BDE428A007CAC85 /* Info.plist */,
			);
			path = CAWeiBoAppTests;
			sourceTree = SOURCE_ROOT;
		};
		B5DB426B1BDE428A007CAC85 /* CAWeiBoAppUITests */ = {
			isa = PBXGroup;
			children = (
				B5DB426C1BDE428A007CAC85 /* CAWeiBoAppUITests.swift */,
				B5DB426E1BDE428A007CAC85 /* Info.plist */,
			);
			path = CAWeiBoAppUITests;
			sourceTree = "<group>";
		};
		B5DB427B1BDE447E007CAC85 /* Class */ = {
			isa = PBXGroup;
			children = (
				B5377C6E1BE119F20075806C /* Model(全局模型) */,
				B583C3401BE0FA5E00EFD6F5 /* Oauth */,
				B5DB42921BDE447E007CAC85 /* Tool(工具类) */,
				B5DB42851BDE447E007CAC85 /* Lib(第三方框架) */,
				B5DB42801BDE447E007CAC85 /* Extension(扩展) */,
				B5DB42861BDE447E007CAC85 /* Main(主要的) */,
				B5DB427C1BDE447E007CAC85 /* Discover(发现) */,
				B5DB42811BDE447E007CAC85 /* Home(首页) */,
				B5DB428A1BDE447E007CAC85 /* Message(消息) */,
				B5DB428E1BDE447E007CAC85 /* Mine(我) */,
			);
			path = Class;
			sourceTree = "<group>";
		};
		B5DB427C1BDE447E007CAC85 /* Discover(发现) */ = {
			isa = PBXGroup;
			children = (
				B5DB427D1BDE447E007CAC85 /* Controller */,
				B5DB427E1BDE447E007CAC85 /* Model */,
				B5DB427F1BDE447E007CAC85 /* View */,
			);
			path = "Discover(发现)";
			sourceTree = "<group>";
		};
		B5DB427D1BDE447E007CAC85 /* Controller */ = {
			isa = PBXGroup;
			children = (
				B5DB42951BDE4839007CAC85 /* CADiscoverVC.swift */,
			);
			path = Controller;
			sourceTree = "<group>";
		};
		B5DB427E1BDE447E007CAC85 /* Model */ = {
			isa = PBXGroup;
			children = (
			);
			path = Model;
			sourceTree = "<group>";
		};
		B5DB427F1BDE447E007CAC85 /* View */ = {
			isa = PBXGroup;
			children = (
			);
			path = View;
			sourceTree = "<group>";
		};
		B5DB42801BDE447E007CAC85 /* Extension(扩展) */ = {
			isa = PBXGroup;
			children = (
			);
			path = "Extension(扩展)";
			sourceTree = "<group>";
		};
		B5DB42811BDE447E007CAC85 /* Home(首页) */ = {
			isa = PBXGroup;
			children = (
				B5DB42821BDE447E007CAC85 /* Controller */,
				B5DB42831BDE447E007CAC85 /* Model */,
				B5DB42841BDE447E007CAC85 /* View */,
			);
			path = "Home(首页)";
			sourceTree = "<group>";
		};
		B5DB42821BDE447E007CAC85 /* Controller */ = {
			isa = PBXGroup;
			children = (
				B5DB42971BDE484B007CAC85 /* CAHomeVC.swift */,
			);
			path = Controller;
			sourceTree = "<group>";
		};
		B5DB42831BDE447E007CAC85 /* Model */ = {
			isa = PBXGroup;
			children = (
			);
			path = Model;
			sourceTree = "<group>";
		};
		B5DB42841BDE447E007CAC85 /* View */ = {
			isa = PBXGroup;
			children = (
			);
			path = View;
			sourceTree = "<group>";
		};
		B5DB42851BDE447E007CAC85 /* Lib(第三方框架) */ = {
			isa = PBXGroup;
			children = (
			);
			path = "Lib(第三方框架)";
			sourceTree = "<group>";
		};
		B5DB42861BDE447E007CAC85 /* Main(主要的) */ = {
			isa = PBXGroup;
			children = (
				B5DB42871BDE447E007CAC85 /* Controller */,
				B5DB42881BDE447E007CAC85 /* Model */,
				B5DB42891BDE447E007CAC85 /* View */,
			);
			path = "Main(主要的)";
			sourceTree = "<group>";
		};
		B5DB42871BDE447E007CAC85 /* Controller */ = {
			isa = PBXGroup;
			children = (
				B5DB42931BDE45D1007CAC85 /* CAMainTabBarController.swift */,
				B5BC2FA71BDF062200C3D0A5 /* CABaseVC.swift */,
			);
			path = Controller;
			sourceTree = "<group>";
		};
		B5DB42881BDE447E007CAC85 /* Model */ = {
			isa = PBXGroup;
			children = (
			);
			path = Model;
			sourceTree = "<group>";
		};
		B5DB42891BDE447E007CAC85 /* View */ = {
			isa = PBXGroup;
			children = (
				B5F06B0E1BDE507D006B455A /* CATabBar.swift */,
				B5BC2FA91BDF068200C3D0A5 /* CAContentView.swift */,
			);
			path = View;
			sourceTree = "<group>";
		};
		B5DB428A1BDE447E007CAC85 /* Message(消息) */ = {
			isa = PBXGroup;
			children = (
				B5DB428B1BDE447E007CAC85 /* Controller */,
				B5DB428C1BDE447E007CAC85 /* Model */,
				B5DB428D1BDE447E007CAC85 /* View */,
			);
			path = "Message(消息)";
			sourceTree = "<group>";
		};
		B5DB428B1BDE447E007CAC85 /* Controller */ = {
			isa = PBXGroup;
			children = (
				B5DB42991BDE4859007CAC85 /* CAMessageVC.swift */,
			);
			path = Controller;
			sourceTree = "<group>";
		};
		B5DB428C1BDE447E007CAC85 /* Model */ = {
			isa = PBXGroup;
			children = (
			);
			path = Model;
			sourceTree = "<group>";
		};
		B5DB428D1BDE447E007CAC85 /* View */ = {
			isa = PBXGroup;
			children = (
			);
			path = View;
			sourceTree = "<group>";
		};
		B5DB428E1BDE447E007CAC85 /* Mine(我) */ = {
			isa = PBXGroup;
			children = (
				B5DB428F1BDE447E007CAC85 /* Controller */,
				B5DB42901BDE447E007CAC85 /* Model */,
				B5DB42911BDE447E007CAC85 /* View */,
			);
			path = "Mine(我)";
			sourceTree = "<group>";
		};
		B5DB428F1BDE447E007CAC85 /* Controller */ = {
			isa = PBXGroup;
			children = (
				B5DB429B1BDE486A007CAC85 /* CAMineVC.swift */,
			);
			path = Controller;
			sourceTree = "<group>";
		};
		B5DB42901BDE447E007CAC85 /* Model */ = {
			isa = PBXGroup;
			children = (
			);
			path = Model;
			sourceTree = "<group>";
		};
		B5DB42911BDE447E007CAC85 /* View */ = {
			isa = PBXGroup;
			children = (
			);
			path = View;
			sourceTree = "<group>";
		};
		B5DB42921BDE447E007CAC85 /* Tool(工具类) */ = {
			isa = PBXGroup;
			children = (
				B583C33E1BE0F31B00EFD6F5 /* CANetworkTools.swift */,
			);
			path = "Tool(工具类)";
			sourceTree = "<group>";
		};
		CE47BCF633E89B8743297AE2 /* Frameworks */ = {
			isa = PBXGroup;
			children = (
				D0B8B27B95CAF060BE732F9D /* Pods.framework */,
			);
			name = Frameworks;
			sourceTree = "<group>";
		};
/* End PBXGroup section */

/* Begin PBXNativeTarget section */
		B5DB42481BDE428A007CAC85 /* CAWeiBoApp */ = {
			isa = PBXNativeTarget;
			buildConfigurationList = B5DB42711BDE428A007CAC85 /* Build configuration list for PBXNativeTarget "CAWeiBoApp" */;
			buildPhases = (
				42AD29AE16FCF3CCDA742993 /* Check Pods Manifest.lock */,
				B5DB42451BDE428A007CAC85 /* Sources */,
				B5DB42461BDE428A007CAC85 /* Frameworks */,
				B5DB42471BDE428A007CAC85 /* Resources */,
				CEA6B119CA91BD079384FEE1 /* Embed Pods Frameworks */,
				02B302440D7F54E1C8DD0219 /* Copy Pods Resources */,
			);
			buildRules = (
			);
			dependencies = (
			);
			name = CAWeiBoApp;
			productName = CAWeiBoApp;
			productReference = B5DB42491BDE428A007CAC85 /* CAWeiBoApp.app */;
			productType = "com.apple.product-type.application";
		};
		B5DB425C1BDE428A007CAC85 /* CAWeiBoAppTests */ = {
			isa = PBXNativeTarget;
			buildConfigurationList = B5DB42741BDE428A007CAC85 /* Build configuration list for PBXNativeTarget "CAWeiBoAppTests" */;
			buildPhases = (
				B5DB42591BDE428A007CAC85 /* Sources */,
				B5DB425A1BDE428A007CAC85 /* Frameworks */,
				B5DB425B1BDE428A007CAC85 /* Resources */,
			);
			buildRules = (
			);
			dependencies = (
				B5DB425F1BDE428A007CAC85 /* PBXTargetDependency */,
			);
			name = CAWeiBoAppTests;
			productName = CAWeiBoAppTests;
			productReference = B5DB425D1BDE428A007CAC85 /* CAWeiBoAppTests.xctest */;
			productType = "com.apple.product-type.bundle.unit-test";
		};
		B5DB42671BDE428A007CAC85 /* CAWeiBoAppUITests */ = {
			isa = PBXNativeTarget;
			buildConfigurationList = B5DB42771BDE428A007CAC85 /* Build configuration list for PBXNativeTarget "CAWeiBoAppUITests" */;
			buildPhases = (
				B5DB42641BDE428A007CAC85 /* Sources */,
				B5DB42651BDE428A007CAC85 /* Frameworks */,
				B5DB42661BDE428A007CAC85 /* Resources */,
			);
			buildRules = (
			);
			dependencies = (
				B5DB426A1BDE428A007CAC85 /* PBXTargetDependency */,
			);
			name = CAWeiBoAppUITests;
			productName = CAWeiBoAppUITests;
			productReference = B5DB42681BDE428A007CAC85 /* CAWeiBoAppUITests.xctest */;
			productType = "com.apple.product-type.bundle.ui-testing";
		};
/* End PBXNativeTarget section */

/* Begin PBXProject section */
		B5DB42411BDE428A007CAC85 /* Project object */ = {
			isa = PBXProject;
			attributes = {
				CLASSPREFIX = CA;
				LastUpgradeCheck = 0700;
				ORGANIZATIONNAME = HuangCarson;
				TargetAttributes = {
					B5DB42481BDE428A007CAC85 = {
						CreatedOnToolsVersion = 7.0.1;
						DevelopmentTeam = HJJE557UF4;
					};
					B5DB425C1BDE428A007CAC85 = {
						CreatedOnToolsVersion = 7.0.1;
						DevelopmentTeam = HJJE557UF4;
						TestTargetID = B5DB42481BDE428A007CAC85;
					};
					B5DB42671BDE428A007CAC85 = {
						CreatedOnToolsVersion = 7.0.1;
						DevelopmentTeam = HJJE557UF4;
						TestTargetID = B5DB42481BDE428A007CAC85;
					};
				};
			};
			buildConfigurationList = B5DB42441BDE428A007CAC85 /* Build configuration list for PBXProject "CAWeiBoApp" */;
			compatibilityVersion = "Xcode 3.2";
			developmentRegion = English;
			hasScannedForEncodings = 0;
			knownRegions = (
				en,
				Base,
			);
			mainGroup = B5DB42401BDE428A007CAC85;
			productRefGroup = B5DB424A1BDE428A007CAC85 /* Products */;
			projectDirPath = "";
			projectRoot = "";
			targets = (
				B5DB42481BDE428A007CAC85 /* CAWeiBoApp */,
				B5DB425C1BDE428A007CAC85 /* CAWeiBoAppTests */,
				B5DB42671BDE428A007CAC85 /* CAWeiBoAppUITests */,
			);
		};
/* End PBXProject section */

/* Begin PBXResourcesBuildPhase section */
		B5DB42471BDE428A007CAC85 /* Resources */ = {
			isa = PBXResourcesBuildPhase;
			buildActionMask = 2147483647;
			files = (
				B5DB42541BDE428A007CAC85 /* Assets.xcassets in Resources */,
			);
			runOnlyForDeploymentPostprocessing = 0;
		};
		B5DB425B1BDE428A007CAC85 /* Resources */ = {
			isa = PBXResourcesBuildPhase;
			buildActionMask = 2147483647;
			files = (
			);
			runOnlyForDeploymentPostprocessing = 0;
		};
		B5DB42661BDE428A007CAC85 /* Resources */ = {
			isa = PBXResourcesBuildPhase;
			buildActionMask = 2147483647;
			files = (
			);
			runOnlyForDeploymentPostprocessing = 0;
		};
/* End PBXResourcesBuildPhase section */

/* Begin PBXShellScriptBuildPhase section */
		02B302440D7F54E1C8DD0219 /* Copy Pods Resources */ = {
			isa = PBXShellScriptBuildPhase;
			buildActionMask = 2147483647;
			files = (
			);
			inputPaths = (
			);
			name = "Copy Pods Resources";
			outputPaths = (
			);
			runOnlyForDeploymentPostprocessing = 0;
			shellPath = /bin/sh;
			shellScript = "\"${SRCROOT}/Pods/Target Support Files/Pods/Pods-resources.sh\"\n";
			showEnvVarsInLog = 0;
		};
		42AD29AE16FCF3CCDA742993 /* Check Pods Manifest.lock */ = {
			isa = PBXShellScriptBuildPhase;
			buildActionMask = 2147483647;
			files = (
			);
			inputPaths = (
			);
			name = "Check Pods Manifest.lock";
			outputPaths = (
			);
			runOnlyForDeploymentPostprocessing = 0;
			shellPath = /bin/sh;
			shellScript = "diff \"${PODS_ROOT}/../Podfile.lock\" \"${PODS_ROOT}/Manifest.lock\" > /dev/null\nif [[ $? != 0 ]] ; then\n    cat << EOM\nerror: The sandbox is not in sync with the Podfile.lock. Run 'pod install' or update your CocoaPods installation.\nEOM\n    exit 1\nfi\n";
			showEnvVarsInLog = 0;
		};
		CEA6B119CA91BD079384FEE1 /* Embed Pods Frameworks */ = {
			isa = PBXShellScriptBuildPhase;
			buildActionMask = 2147483647;
			files = (
			);
			inputPaths = (
			);
			name = "Embed Pods Frameworks";
			outputPaths = (
			);
			runOnlyForDeploymentPostprocessing = 0;
			shellPath = /bin/sh;
			shellScript = "\"${SRCROOT}/Pods/Target Support Files/Pods/Pods-frameworks.sh\"\n";
			showEnvVarsInLog = 0;
		};
/* End PBXShellScriptBuildPhase section */

/* Begin PBXSourcesBuildPhase section */
		B5DB42451BDE428A007CAC85 /* Sources */ = {
			isa = PBXSourcesBuildPhase;
			buildActionMask = 2147483647;
			files = (
				B5DB42961BDE4839007CAC85 /* CADiscoverVC.swift in Sources */,
				B5BC2FA81BDF062200C3D0A5 /* CABaseVC.swift in Sources */,
				B5F06B0F1BDE507D006B455A /* CATabBar.swift in Sources */,
				B583C3421BE0FA7100EFD6F5 /* CAOatuthVC.swift in Sources */,
				B5BC2FAA1BDF068200C3D0A5 /* CAContentView.swift in Sources */,
				B5DB429A1BDE4859007CAC85 /* CAMessageVC.swift in Sources */,
				B5DB42941BDE45D1007CAC85 /* CAMainTabBarController.swift in Sources */,
				B583C33F1BE0F31B00EFD6F5 /* CANetworkTools.swift in Sources */,
				B5DB429C1BDE486A007CAC85 /* CAMineVC.swift in Sources */,
				B5DB424D1BDE428A007CAC85 /* AppDelegate.swift in Sources */,
				B5377C701BE11A1D0075806C /* CAUserAccount.swift in Sources */,
				B5DB42981BDE484B007CAC85 /* CAHomeVC.swift in Sources */,
			);
			runOnlyForDeploymentPostprocessing = 0;
		};
		B5DB42591BDE428A007CAC85 /* Sources */ = {
			isa = PBXSourcesBuildPhase;
			buildActionMask = 2147483647;
			files = (
				B5DB42621BDE428A007CAC85 /* CAWeiBoAppTests.swift in Sources */,
			);
			runOnlyForDeploymentPostprocessing = 0;
		};
		B5DB42641BDE428A007CAC85 /* Sources */ = {
			isa = PBXSourcesBuildPhase;
			buildActionMask = 2147483647;
			files = (
				B5DB426D1BDE428A007CAC85 /* CAWeiBoAppUITests.swift in Sources */,
			);
			runOnlyForDeploymentPostprocessing = 0;
		};
/* End PBXSourcesBuildPhase section */

/* Begin PBXTargetDependency section */
		B5DB425F1BDE428A007CAC85 /* PBXTargetDependency */ = {
			isa = PBXTargetDependency;
			target = B5DB42481BDE428A007CAC85 /* CAWeiBoApp */;
			targetProxy = B5DB425E1BDE428A007CAC85 /* PBXContainerItemProxy */;
		};
		B5DB426A1BDE428A007CAC85 /* PBXTargetDependency */ = {
			isa = PBXTargetDependency;
			target = B5DB42481BDE428A007CAC85 /* CAWeiBoApp */;
			targetProxy = B5DB42691BDE428A007CAC85 /* PBXContainerItemProxy */;
		};
/* End PBXTargetDependency section */

/* Begin XCBuildConfiguration section */
		B5DB426F1BDE428A007CAC85 /* Debug */ = {
			isa = XCBuildConfiguration;
			buildSettings = {
				ALWAYS_SEARCH_USER_PATHS = NO;
				CLANG_CXX_LANGUAGE_STANDARD = "gnu++0x";
				CLANG_CXX_LIBRARY = "libc++";
				CLANG_ENABLE_MODULES = YES;
				CLANG_ENABLE_OBJC_ARC = YES;
				CLANG_WARN_BOOL_CONVERSION = YES;
				CLANG_WARN_CONSTANT_CONVERSION = YES;
				CLANG_WARN_DIRECT_OBJC_ISA_USAGE = YES_ERROR;
				CLANG_WARN_EMPTY_BODY = YES;
				CLANG_WARN_ENUM_CONVERSION = YES;
				CLANG_WARN_INT_CONVERSION = YES;
				CLANG_WARN_OBJC_ROOT_CLASS = YES_ERROR;
				CLANG_WARN_UNREACHABLE_CODE = YES;
				CLANG_WARN__DUPLICATE_METHOD_MATCH = YES;
				"CODE_SIGN_IDENTITY[sdk=iphoneos*]" = "iPhone Developer";
				COPY_PHASE_STRIP = NO;
				DEBUG_INFORMATION_FORMAT = dwarf;
				ENABLE_STRICT_OBJC_MSGSEND = YES;
				ENABLE_TESTABILITY = YES;
				GCC_C_LANGUAGE_STANDARD = gnu99;
				GCC_DYNAMIC_NO_PIC = NO;
				GCC_NO_COMMON_BLOCKS = YES;
				GCC_OPTIMIZATION_LEVEL = 0;
				GCC_PREPROCESSOR_DEFINITIONS = (
					"DEBUG=1",
					"$(inherited)",
				);
				GCC_WARN_64_TO_32_BIT_CONVERSION = YES;
				GCC_WARN_ABOUT_RETURN_TYPE = YES_ERROR;
				GCC_WARN_UNDECLARED_SELECTOR = YES;
				GCC_WARN_UNINITIALIZED_AUTOS = YES_AGGRESSIVE;
				GCC_WARN_UNUSED_FUNCTION = YES;
				GCC_WARN_UNUSED_VARIABLE = YES;
				IPHONEOS_DEPLOYMENT_TARGET = 9.0;
				MTL_ENABLE_DEBUG_INFO = YES;
				ONLY_ACTIVE_ARCH = YES;
				SDKROOT = iphoneos;
				SWIFT_OPTIMIZATION_LEVEL = "-Onone";
			};
			name = Debug;
		};
		B5DB42701BDE428A007CAC85 /* Release */ = {
			isa = XCBuildConfiguration;
			buildSettings = {
				ALWAYS_SEARCH_USER_PATHS = NO;
				CLANG_CXX_LANGUAGE_STANDARD = "gnu++0x";
				CLANG_CXX_LIBRARY = "libc++";
				CLANG_ENABLE_MODULES = YES;
				CLANG_ENABLE_OBJC_ARC = YES;
				CLANG_WARN_BOOL_CONVERSION = YES;
				CLANG_WARN_CONSTANT_CONVERSION = YES;
				CLANG_WARN_DIRECT_OBJC_ISA_USAGE = YES_ERROR;
				CLANG_WARN_EMPTY_BODY = YES;
				CLANG_WARN_ENUM_CONVERSION = YES;
				CLANG_WARN_INT_CONVERSION = YES;
				CLANG_WARN_OBJC_ROOT_CLASS = YES_ERROR;
				CLANG_WARN_UNREACHABLE_CODE = YES;
				CLANG_WARN__DUPLICATE_METHOD_MATCH = YES;
				"CODE_SIGN_IDENTITY[sdk=iphoneos*]" = "iPhone Developer";
				COPY_PHASE_STRIP = NO;
				DEBUG_INFORMATION_FORMAT = "dwarf-with-dsym";
				ENABLE_NS_ASSERTIONS = NO;
				ENABLE_STRICT_OBJC_MSGSEND = YES;
				GCC_C_LANGUAGE_STANDARD = gnu99;
				GCC_NO_COMMON_BLOCKS = YES;
				GCC_WARN_64_TO_32_BIT_CONVERSION = YES;
				GCC_WARN_ABOUT_RETURN_TYPE = YES_ERROR;
				GCC_WARN_UNDECLARED_SELECTOR = YES;
				GCC_WARN_UNINITIALIZED_AUTOS = YES_AGGRESSIVE;
				GCC_WARN_UNUSED_FUNCTION = YES;
				GCC_WARN_UNUSED_VARIABLE = YES;
				IPHONEOS_DEPLOYMENT_TARGET = 9.0;
				MTL_ENABLE_DEBUG_INFO = NO;
				SDKROOT = iphoneos;
				VALIDATE_PRODUCT = YES;
			};
			name = Release;
		};
		B5DB42721BDE428A007CAC85 /* Debug */ = {
			isa = XCBuildConfiguration;
			baseConfigurationReference = 27756797A957C63BF5EF1FB2 /* Pods.debug.xcconfig */;
			buildSettings = {
				ASSETCATALOG_COMPILER_APPICON_NAME = AppIcon;
				ASSETCATALOG_COMPILER_LAUNCHIMAGE_NAME = BrandAsset;
				INFOPLIST_FILE = CAWeiBoApp/Info.plist;
				IPHONEOS_DEPLOYMENT_TARGET = 8.0;
				LD_RUNPATH_SEARCH_PATHS = "$(inherited) @executable_path/Frameworks";
				PRODUCT_BUNDLE_IDENTIFIER = cn.Huang.CAWeiBoApp;
				PRODUCT_NAME = "$(TARGET_NAME)";
			};
			name = Debug;
		};
		B5DB42731BDE428A007CAC85 /* Release */ = {
			isa = XCBuildConfiguration;
			baseConfigurationReference = 2A50507130ED4883C94956DD /* Pods.release.xcconfig */;
			buildSettings = {
				ASSETCATALOG_COMPILER_APPICON_NAME = AppIcon;
				ASSETCATALOG_COMPILER_LAUNCHIMAGE_NAME = BrandAsset;
				INFOPLIST_FILE = CAWeiBoApp/Info.plist;
				IPHONEOS_DEPLOYMENT_TARGET = 8.0;
				LD_RUNPATH_SEARCH_PATHS = "$(inherited) @executable_path/Frameworks";
				PRODUCT_BUNDLE_IDENTIFIER = cn.Huang.CAWeiBoApp;
				PRODUCT_NAME = "$(TARGET_NAME)";
			};
			name = Release;
		};
		B5DB42751BDE428A007CAC85 /* Debug */ = {
			isa = XCBuildConfiguration;
			buildSettings = {
				BUNDLE_LOADER = "$(TEST_HOST)";
				INFOPLIST_FILE = CAWeiBoAppTests/Info.plist;
				LD_RUNPATH_SEARCH_PATHS = "$(inherited) @executable_path/Frameworks @loader_path/Frameworks";
				PRODUCT_BUNDLE_IDENTIFIER = cn.Huang.CAWeiBoAppTests;
				PRODUCT_NAME = "$(TARGET_NAME)";
				TEST_HOST = "$(BUILT_PRODUCTS_DIR)/CAWeiBoApp.app/CAWeiBoApp";
			};
			name = Debug;
		};
		B5DB42761BDE428A007CAC85 /* Release */ = {
			isa = XCBuildConfiguration;
			buildSettings = {
				BUNDLE_LOADER = "$(TEST_HOST)";
				INFOPLIST_FILE = CAWeiBoAppTests/Info.plist;
				LD_RUNPATH_SEARCH_PATHS = "$(inherited) @executable_path/Frameworks @loader_path/Frameworks";
				PRODUCT_BUNDLE_IDENTIFIER = cn.Huang.CAWeiBoAppTests;
				PRODUCT_NAME = "$(TARGET_NAME)";
				TEST_HOST = "$(BUILT_PRODUCTS_DIR)/CAWeiBoApp.app/CAWeiBoApp";
			};
			name = Release;
		};
		B5DB42781BDE428A007CAC85 /* Debug */ = {
			isa = XCBuildConfiguration;
			buildSettings = {
				INFOPLIST_FILE = CAWeiBoAppUITests/Info.plist;
				LD_RUNPATH_SEARCH_PATHS = "$(inherited) @executable_path/Frameworks @loader_path/Frameworks";
				PRODUCT_BUNDLE_IDENTIFIER = cn.Huang.CAWeiBoAppUITests;
				PRODUCT_NAME = "$(TARGET_NAME)";
				TEST_TARGET_NAME = CAWeiBoApp;
				USES_XCTRUNNER = YES;
			};
			name = Debug;
		};
		B5DB42791BDE428A007CAC85 /* Release */ = {
			isa = XCBuildConfiguration;
			buildSettings = {
				INFOPLIST_FILE = CAWeiBoAppUITests/Info.plist;
				LD_RUNPATH_SEARCH_PATHS = "$(inherited) @executable_path/Frameworks @loader_path/Frameworks";
				PRODUCT_BUNDLE_IDENTIFIER = cn.Huang.CAWeiBoAppUITests;
				PRODUCT_NAME = "$(TARGET_NAME)";
				TEST_TARGET_NAME = CAWeiBoApp;
				USES_XCTRUNNER = YES;
			};
			name = Release;
		};
/* End XCBuildConfiguration section */

/* Begin XCConfigurationList section */
		B5DB42441BDE428A007CAC85 /* Build configuration list for PBXProject "CAWeiBoApp" */ = {
			isa = XCConfigurationList;
			buildConfigurations = (
				B5DB426F1BDE428A007CAC85 /* Debug */,
				B5DB42701BDE428A007CAC85 /* Release */,
			);
			defaultConfigurationIsVisible = 0;
			defaultConfigurationName = Release;
		};
		B5DB42711BDE428A007CAC85 /* Build configuration list for PBXNativeTarget "CAWeiBoApp" */ = {
			isa = XCConfigurationList;
			buildConfigurations = (
				B5DB42721BDE428A007CAC85 /* Debug */,
				B5DB42731BDE428A007CAC85 /* Release */,
			);
			defaultConfigurationIsVisible = 0;
			defaultConfigurationName = Release;
		};
		B5DB42741BDE428A007CAC85 /* Build configuration list for PBXNativeTarget "CAWeiBoAppTests" */ = {
			isa = XCConfigurationList;
			buildConfigurations = (
				B5DB42751BDE428A007CAC85 /* Debug */,
				B5DB42761BDE428A007CAC85 /* Release */,
			);
			defaultConfigurationIsVisible = 0;
			defaultConfigurationName = Release;
		};
		B5DB42771BDE428A007CAC85 /* Build configuration list for PBXNativeTarget "CAWeiBoAppUITests" */ = {
			isa = XCConfigurationList;
			buildConfigurations = (
				B5DB42781BDE428A007CAC85 /* Debug */,
				B5DB42791BDE428A007CAC85 /* Release */,
			);
			defaultConfigurationIsVisible = 0;
			defaultConfigurationName = Release;
		};
/* End XCConfigurationList section */
	};
	rootObject = B5DB42411BDE428A007CAC85 /* Project object */;
}
